
Microsoft Visual Studio Solution File, Format Version 12.00
# Visual Studio Version 17
VisualStudioVersion = 17.1.32407.343
MinimumVisualStudioVersion = 10.0.40219.1
Project("{FAE04EC0-301F-11D3-BF4B-00C04F79EFBC}") = "NotAl.Core", "NotAl.Core\NotAl.Core.csproj", "{2FA7A32D-CC22-439E-8AD8-C1321F407375}"
EndProject
Project("{FAE04EC0-301F-11D3-BF4B-00C04F79EFBC}") = "NotAl.Business", "NotAl.Business\NotAl.Business.csproj", "{256E0EF5-A583-489E-9BF3-2B7FF6DD3552}"
EndProject
Project("{FAE04EC0-301F-11D3-BF4B-00C04F79EFBC}") = "NotAl.Entities", "NotAl.Entities\NotAl.Entities.csproj", "{8DE0921A-0D0F-47A2-AFA6-3D96FC740900}"
EndProject
Project("{FAE04EC0-301F-11D3-BF4B-00C04F79EFBC}") = "NotAl.DataAccess", "NotAl.DataAccess\NotAl.DataAccess.csproj", "{7843EF6D-BB34-4BF5-9960-EECE5A825B44}"
EndProject
Project("{FAE04EC0-301F-11D3-BF4B-00C04F79EFBC}") = "NotAl.UI", "NotAl.UI\NotAl.UI.csproj", "{2DEAACDE-09C7-47A3-B23C-8EF3173DD3DF}"
EndProject
Global
	GlobalSection(SolutionConfigurationPlatforms) = preSolution
		Debug|Any CPU = Debug|Any CPU
		Release|Any CPU = Release|Any CPU
	EndGlobalSection
	GlobalSection(ProjectConfigurationPlatforms) = postSolution
		{2FA7A32D-CC22-439E-8AD8-C1321F407375}.Debug|Any CPU.ActiveCfg = Debug|Any CPU
		{2FA7A32D-CC22-439E-8AD8-C1321F407375}.Debug|Any CPU.Build.0 = Debug|Any CPU
		{2FA7A32D-CC22-439E-8AD8-C1321F407375}.Release|Any CPU.ActiveCfg = Release|Any CPU
		{2FA7A32D-CC22-439E-8AD8-C1321F407375}.Release|Any CPU.Build.0 = Release|Any CPU
		{256E0EF5-A583-489E-9BF3-2B7FF6DD3552}.Debug|Any CPU.ActiveCfg = Debug|Any CPU
		{256E0EF5-A583-489E-9BF3-2B7FF6DD3552}.Debug|Any CPU.Build.0 = Debug|Any CPU
		{256E0EF5-A583-489E-9BF3-2B7FF6DD3552}.Release|Any CPU.ActiveCfg = Release|Any CPU
		{256E0EF5-A583-489E-9BF3-2B7FF6DD3552}.Release|Any CPU.Build.0 = Release|Any CPU
		{8DE0921A-0D0F-47A2-AFA6-3D96FC740900}.Debug|Any CPU.ActiveCfg = Debug|Any CPU
		{8DE0921A-0D0F-47A2-AFA6-3D96FC740900}.Debug|Any CPU.Build.0 = Debug|Any CPU
		{8DE0921A-0D0F-47A2-AFA6-3D96FC740900}.Release|Any CPU.ActiveCfg = Release|Any CPU
		{8DE0921A-0D0F-47A2-AFA6-3D96FC740900}.Release|Any CPU.Build.0 = Release|Any CPU
		{7843EF6D-BB34-4BF5-9960-EECE5A825B44}.Debug|Any CPU.ActiveCfg = Debug|Any CPU
		{7843EF6D-BB34-4BF5-9960-EECE5A825B44}.Debug|Any CPU.Build.0 = Debug|Any CPU
		{7843EF6D-BB34-4BF5-9960-EECE5A825B44}.Release|Any CPU.ActiveCfg = Release|Any CPU
		{7843EF6D-BB34-4BF5-9960-EECE5A825B44}.Release|Any CPU.Build.0 = Release|Any CPU
		{2DEAACDE-09C7-47A3-B23C-8EF3173DD3DF}.Debug|Any CPU.ActiveCfg = Debug|Any CPU
		{2DEAACDE-09C7-47A3-B23C-8EF3173DD3DF}.Debug|Any CPU.Build.0 = Debug|Any CPU
		{2DEAACDE-09C7-47A3-B23C-8EF3173DD3DF}.Release|Any CPU.ActiveCfg = Release|Any CPU
		{2DEAACDE-09C7-47A3-B23C-8EF3173DD3DF}.Release|Any CPU.Build.0 = Release|Any CPU
	EndGlobalSection
	GlobalSection(SolutionProperties) = preSolution
		HideSolutionNode = FALSE
	EndGlobalSection
	GlobalSection(ExtensibilityGlobals) = postSolution
		SolutionGuid = {7F16C76D-EC61-4BDB-9445-E9258D9FD5B7}
	EndGlobalSection
EndGlobal
